
Microsoft Visual Studio Solution File, Format Version 12.00
# Visual Studio Version 16
VisualStudioVersion = 16.0.31205.134
MinimumVisualStudioVersion = 10.0.40219.1
Project("{FAE04EC0-301F-11D3-BF4B-00C04F79EFBC}") = "KnowBetter-WebApp", "KnowBetter-WebApp\KnowBetter-WebApp.csproj", "{43818579-B8DE-4E1F-BF05-EAA96D980522}"
EndProject
Global
	GlobalSection(SolutionConfigurationPlatforms) = preSolution
		Debug|Any CPU = Debug|Any CPU
		Release|Any CPU = Release|Any CPU
	EndGlobalSection
	GlobalSection(ProjectConfigurationPlatforms) = postSolution
		{43818579-B8DE-4E1F-BF05-EAA96D980522}.Debug|Any CPU.ActiveCfg = Debug|Any CPU
		{43818579-B8DE-4E1F-BF05-EAA96D980522}.Debug|Any CPU.Build.0 = Debug|Any CPU
		{43818579-B8DE-4E1F-BF05-EAA96D980522}.Release|Any CPU.ActiveCfg = Release|Any CPU
		{43818579-B8DE-4E1F-BF05-EAA96D980522}.Release|Any CPU.Build.0 = Release|Any CPU
	EndGlobalSection
	GlobalSection(SolutionProperties) = preSolution
		HideSolutionNode = FALSE
	EndGlobalSection
	GlobalSection(ExtensibilityGlobals) = postSolution
		SolutionGuid = {3754AEEE-5863-4B6E-B9B3-F7AB3DE8B29C}
	EndGlobalSection
EndGlobal
